
Microsoft Visual Studio Solution File, Format Version 12.00
# Visual Studio Version 16
VisualStudioVersion = 16.0.31624.102
MinimumVisualStudioVersion = 10.0.40219.1
Project("{FAE04EC0-301F-11D3-BF4B-00C04F79EFBC}") = "Assignment 1, Calculator", "Assignment 1, Calculator.csproj", "{DFF6E148-64F5-49D8-8A05-86D0EB80A6CA}"
EndProject
Global
	GlobalSection(SolutionConfigurationPlatforms) = preSolution
		Debug|Any CPU = Debug|Any CPU
		Release|Any CPU = Release|Any CPU
	EndGlobalSection
	GlobalSection(ProjectConfigurationPlatforms) = postSolution
		{DFF6E148-64F5-49D8-8A05-86D0EB80A6CA}.Debug|Any CPU.ActiveCfg = Debug|Any CPU
		{DFF6E148-64F5-49D8-8A05-86D0EB80A6CA}.Debug|Any CPU.Build.0 = Debug|Any CPU
		{DFF6E148-64F5-49D8-8A05-86D0EB80A6CA}.Release|Any CPU.ActiveCfg = Release|Any CPU
		{DFF6E148-64F5-49D8-8A05-86D0EB80A6CA}.Release|Any CPU.Build.0 = Release|Any CPU
	EndGlobalSection
	GlobalSection(SolutionProperties) = preSolution
		HideSolutionNode = FALSE
	EndGlobalSection
	GlobalSection(ExtensibilityGlobals) = postSolution
		SolutionGuid = {A0C5BA25-3CA9-44AB-9047-D160F6E01F75}
	EndGlobalSection
EndGlobal
